// !$*UTF8*$!
{
	archiveVersion = 1;
	classes = {
	};
	objectVersion = 56;
	objects = {

/* Begin PBXBuildFile section */
		0BF25A342B7B3C2C00B0C8CE /* StopwatchTableViewCell.swift in Sources */ = {isa = PBXBuildFile; fileRef = 0BF25A332B7B3C2C00B0C8CE /* StopwatchTableViewCell.swift */; };
		0BF25A362B7B3C4A00B0C8CE /* StopwatchViewController.swift in Sources */ = {isa = PBXBuildFile; fileRef = 0BF25A352B7B3C4A00B0C8CE /* StopwatchViewController.swift */; };
		0BF25A382B7B3CBF00B0C8CE /* Stopwatch.swift in Sources */ = {isa = PBXBuildFile; fileRef = 0BF25A372B7B3CBF00B0C8CE /* Stopwatch.swift */; };
		0BF25A3A2B7B3D0100B0C8CE /* StopwatchViewModel.swift in Sources */ = {isa = PBXBuildFile; fileRef = 0BF25A392B7B3D0100B0C8CE /* StopwatchViewModel.swift */; };
		2B5861F62B7B8331001864F3 /* TimerViewController.swift in Sources */ = {isa = PBXBuildFile; fileRef = 2B5861F52B7B8331001864F3 /* TimerViewController.swift */; };
		2B5861F82B7B8360001864F3 /* CircularProgressView.swift in Sources */ = {isa = PBXBuildFile; fileRef = 2B5861F72B7B8360001864F3 /* CircularProgressView.swift */; };
		2B5861FA2B7B8379001864F3 /* TimerLabelTableViewCell.swift in Sources */ = {isa = PBXBuildFile; fileRef = 2B5861F92B7B8379001864F3 /* TimerLabelTableViewCell.swift */; };
		2B5861FC2B7B839B001864F3 /* TimerRingtoneSelectTableViewCell.swift in Sources */ = {isa = PBXBuildFile; fileRef = 2B5861FB2B7B839B001864F3 /* TimerRingtoneSelectTableViewCell.swift */; };
		2B5861FE2B7B83B5001864F3 /* TimerRingtoneSelectViewController.swift in Sources */ = {isa = PBXBuildFile; fileRef = 2B5861FD2B7B83B5001864F3 /* TimerRingtoneSelectViewController.swift */; };
		2B5862002B7B83D4001864F3 /* TimerViewModel.swift in Sources */ = {isa = PBXBuildFile; fileRef = 2B5861FF2B7B83D4001864F3 /* TimerViewModel.swift */; };
		2B5862042B7B8408001864F3 /* playSound.swift in Sources */ = {isa = PBXBuildFile; fileRef = 2B5862032B7B8408001864F3 /* playSound.swift */; };
		2B5862062B7B852A001864F3 /* TimerRecordManager.swift in Sources */ = {isa = PBXBuildFile; fileRef = 2B5862052B7B852A001864F3 /* TimerRecordManager.swift */; };
		2B5862382B7C8B69001864F3 /* beeping.wav in Resources */ = {isa = PBXBuildFile; fileRef = 2B5862342B7C8B69001864F3 /* beeping.wav */; };
		2B5862392B7C8B69001864F3 /* toaster.wav in Resources */ = {isa = PBXBuildFile; fileRef = 2B5862352B7C8B69001864F3 /* toaster.wav */; };
		2B58623A2B7C8B69001864F3 /* electronic.wav in Resources */ = {isa = PBXBuildFile; fileRef = 2B5862362B7C8B69001864F3 /* electronic.wav */; };
		2B58623B2B7C8B69001864F3 /* kitchen.wav in Resources */ = {isa = PBXBuildFile; fileRef = 2B5862372B7C8B69001864F3 /* kitchen.wav */; };
		2E2B6ED02B7E094000DCE934 /* AlarmButler.xcdatamodeld in Sources */ = {isa = PBXBuildFile; fileRef = 2E2B6ECE2B7E094000DCE934 /* AlarmButler.xcdatamodeld */; };
		2E43CA692B70925F00FCA414 /* AppDelegate.swift in Sources */ = {isa = PBXBuildFile; fileRef = 2E43CA682B70925F00FCA414 /* AppDelegate.swift */; };
		2E43CA6B2B70925F00FCA414 /* SceneDelegate.swift in Sources */ = {isa = PBXBuildFile; fileRef = 2E43CA6A2B70925F00FCA414 /* SceneDelegate.swift */; };
		2E43CA752B70926100FCA414 /* Assets.xcassets in Resources */ = {isa = PBXBuildFile; fileRef = 2E43CA742B70926100FCA414 /* Assets.xcassets */; };
		2E43CA782B70926100FCA414 /* LaunchScreen.storyboard in Resources */ = {isa = PBXBuildFile; fileRef = 2E43CA762B70926100FCA414 /* LaunchScreen.storyboard */; };
		2E43CABA2B7098EE00FCA414 /* AlarmListViewController.swift in Sources */ = {isa = PBXBuildFile; fileRef = 2E43CAB92B7098EE00FCA414 /* AlarmListViewController.swift */; };
		2E43CABC2B7098FD00FCA414 /* AlarmListViewModel.swift in Sources */ = {isa = PBXBuildFile; fileRef = 2E43CABB2B7098FD00FCA414 /* AlarmListViewModel.swift */; };
		2E43CAD02B70999C00FCA414 /* SleepWakeAlarm.swift in Sources */ = {isa = PBXBuildFile; fileRef = 2E43CACF2B70999C00FCA414 /* SleepWakeAlarm.swift */; };
		2E43CAD42B7099B800FCA414 /* SleepWakeAlarmViewModel.swift in Sources */ = {isa = PBXBuildFile; fileRef = 2E43CAD32B7099B800FCA414 /* SleepWakeAlarmViewModel.swift */; };
		2E43CAE12B7257E000FCA414 /* CustomTabBarController.swift in Sources */ = {isa = PBXBuildFile; fileRef = 2E43CAE02B7257E000FCA414 /* CustomTabBarController.swift */; };
		2E43CAE52B7341DC00FCA414 /* AlarmDetailViewController.swift in Sources */ = {isa = PBXBuildFile; fileRef = 2E43CAE42B7341DC00FCA414 /* AlarmDetailViewController.swift */; };
		2E43CAE72B7341E600FCA414 /* AlarmSoundPickerViewController.swift in Sources */ = {isa = PBXBuildFile; fileRef = 2E43CAE62B7341E600FCA414 /* AlarmSoundPickerViewController.swift */; };
		2E43CAE92B7341F500FCA414 /* AlarmDetailViewModel.swift in Sources */ = {isa = PBXBuildFile; fileRef = 2E43CAE82B7341F500FCA414 /* AlarmDetailViewModel.swift */; };
		2E43CAEB2B73420000FCA414 /* AlarmSoundPickerViewModel.swift in Sources */ = {isa = PBXBuildFile; fileRef = 2E43CAEA2B73420000FCA414 /* AlarmSoundPickerViewModel.swift */; };
		2E43CAFD2B752B8100FCA414 /* RepeatOptionsViewController.swift in Sources */ = {isa = PBXBuildFile; fileRef = 2E43CAFC2B752B8100FCA414 /* RepeatOptionsViewController.swift */; };
		2EA693CA2B789DD100BBA548 /* 로미오와 줄리엣.mp3 in Resources */ = {isa = PBXBuildFile; fileRef = 2EA693BE2B789DCB00BBA548 /* 로미오와 줄리엣.mp3 */; };
		2EA693CB2B789DD100BBA548 /* 슈베르트 세레나데.mp3 in Resources */ = {isa = PBXBuildFile; fileRef = 2EA693BF2B789DCB00BBA548 /* 슈베르트 세레나데.mp3 */; };
		2EA693CC2B789DD100BBA548 /* 차이코프스키 12월 크리스마스.mp3 in Resources */ = {isa = PBXBuildFile; fileRef = 2EA693C02B789DCC00BBA548 /* 차이코프스키 12월 크리스마스.mp3 */; };
		2EA693CD2B789DD100BBA548 /* 비발디 사계 여름.mp3 in Resources */ = {isa = PBXBuildFile; fileRef = 2EA693C12B789DCC00BBA548 /* 비발디 사계 여름.mp3 */; };
		2EA693CE2B789DD100BBA548 /* 차이코프스키 10월 가을.mp3 in Resources */ = {isa = PBXBuildFile; fileRef = 2EA693C22B789DCD00BBA548 /* 차이코프스키 10월 가을.mp3 */; };
		2EA693CF2B789DD100BBA548 /* 마림바.wav in Resources */ = {isa = PBXBuildFile; fileRef = 2EA693C32B789DCE00BBA548 /* 마림바.wav */; };
		2EA693D02B789DD100BBA548 /* 머큐리.wav in Resources */ = {isa = PBXBuildFile; fileRef = 2EA693C42B789DCE00BBA548 /* 머큐리.wav */; };
		2EA693D12B789DD100BBA548 /* 타란텔라 A단조.mp3 in Resources */ = {isa = PBXBuildFile; fileRef = 2EA693C52B789DCF00BBA548 /* 타란텔라 A단조.mp3 */; };
		2EA693D22B789DD100BBA548 /* 거울.mp3 in Resources */ = {isa = PBXBuildFile; fileRef = 2EA693C62B789DCF00BBA548 /* 거울.mp3 */; };
		2EA693D32B789DD100BBA548 /* 골짜기.wav in Resources */ = {isa = PBXBuildFile; fileRef = 2EA693C72B789DD000BBA548 /* 골짜기.wav */; };
		2EA693D42B789DD100BBA548 /* 래디얼.wav in Resources */ = {isa = PBXBuildFile; fileRef = 2EA693C82B789DD100BBA548 /* 래디얼.wav */; };
		2EA693D52B789DD100BBA548 /* 프로모.mp3 in Resources */ = {isa = PBXBuildFile; fileRef = 2EA693C92B789DD100BBA548 /* 프로모.mp3 */; };
		2EA693DA2B79951F00BBA548 /* TimerRecord.swift in Sources */ = {isa = PBXBuildFile; fileRef = 2EA693D92B79951F00BBA548 /* TimerRecord.swift */; };
		2EA693E22B79FB0400BBA548 /* AlarmListTableViewCell.swift in Sources */ = {isa = PBXBuildFile; fileRef = 2EA693E12B79FB0400BBA548 /* AlarmListTableViewCell.swift */; };
		2EBDEAF12B7B833F00AD1FEA /* AlarmViewModel.swift in Sources */ = {isa = PBXBuildFile; fileRef = 2EBDEAF02B7B833F00AD1FEA /* AlarmViewModel.swift */; };
		2EBDEB002B7CE7BF00AD1FEA /* AlarmManager.swift in Sources */ = {isa = PBXBuildFile; fileRef = 2EBDEAFF2B7CE7BF00AD1FEA /* AlarmManager.swift */; };
		4E60D1B22B7BAA8100D0E11E /* ClockView.swift in Sources */ = {isa = PBXBuildFile; fileRef = 4E60D1B12B7BAA8100D0E11E /* ClockView.swift */; };
		4E60D1B42B7D346E00D0E11E /* SleepWakeAlarmMainViewController.swift in Sources */ = {isa = PBXBuildFile; fileRef = 4E60D1B32B7D346E00D0E11E /* SleepWakeAlarmMainViewController.swift */; };
		4EA830592B752D3E00C19BF7 /* SleepWakeAlarmCell.swift in Sources */ = {isa = PBXBuildFile; fileRef = 4EA830582B752D3E00C19BF7 /* SleepWakeAlarmCell.swift */; };
		4EB8E4032B766D460089DB8F /* SleepWakeAlarmCellViewModel.swift in Sources */ = {isa = PBXBuildFile; fileRef = 4EB8E4022B766D460089DB8F /* SleepWakeAlarmCellViewModel.swift */; };
		4EB8E4052B7693440089DB8F /* SleepWakeAlarmSetViewController.swift in Sources */ = {isa = PBXBuildFile; fileRef = 4EB8E4042B7693440089DB8F /* SleepWakeAlarmSetViewController.swift */; };
		6B7B04412B74FF4E00DEAA58 /* WorldClockManager.swift in Sources */ = {isa = PBXBuildFile; fileRef = 6B7B04402B74FF4E00DEAA58 /* WorldClockManager.swift */; };
		6B7B04472B78BB1600DEAA58 /* InitialConsonant.swift in Sources */ = {isa = PBXBuildFile; fileRef = 6B7B04462B78BB1600DEAA58 /* InitialConsonant.swift */; };
		6B7B04492B7A011800DEAA58 /* TimeZoneVC.swift in Sources */ = {isa = PBXBuildFile; fileRef = 6B7B04482B7A011800DEAA58 /* TimeZoneVC.swift */; };
		6B7B04502B7A034E00DEAA58 /* TimeZoneTVCell.swift in Sources */ = {isa = PBXBuildFile; fileRef = 6B7B044F2B7A034E00DEAA58 /* TimeZoneTVCell.swift */; };
		6B7B04522B7A038C00DEAA58 /* WorldClockVC.swift in Sources */ = {isa = PBXBuildFile; fileRef = 6B7B04512B7A038C00DEAA58 /* WorldClockVC.swift */; };
		6B7B04542B7A03BE00DEAA58 /* WorldClockTVCell.swift in Sources */ = {isa = PBXBuildFile; fileRef = 6B7B04532B7A03BE00DEAA58 /* WorldClockTVCell.swift */; };
		6BD66CA02B7CB1EC003B7A96 /* CustomTableViewCell.swift in Sources */ = {isa = PBXBuildFile; fileRef = 6BD66C9F2B7CB1EC003B7A96 /* CustomTableViewCell.swift */; };
		97C441F104D09081FBE9EEA8 /* Pods_AlarmButler.framework in Frameworks */ = {isa = PBXBuildFile; fileRef = AD1BD13C16ABBD4E5267BF49 /* Pods_AlarmButler.framework */; };
/* End PBXBuildFile section */

/* Begin PBXFileReference section */
		0BF25A332B7B3C2C00B0C8CE /* StopwatchTableViewCell.swift */ = {isa = PBXFileReference; lastKnownFileType = sourcecode.swift; path = StopwatchTableViewCell.swift; sourceTree = "<group>"; };
		0BF25A352B7B3C4A00B0C8CE /* StopwatchViewController.swift */ = {isa = PBXFileReference; lastKnownFileType = sourcecode.swift; path = StopwatchViewController.swift; sourceTree = "<group>"; };
		0BF25A372B7B3CBF00B0C8CE /* Stopwatch.swift */ = {isa = PBXFileReference; lastKnownFileType = sourcecode.swift; path = Stopwatch.swift; sourceTree = "<group>"; };
		0BF25A392B7B3D0100B0C8CE /* StopwatchViewModel.swift */ = {isa = PBXFileReference; lastKnownFileType = sourcecode.swift; path = StopwatchViewModel.swift; sourceTree = "<group>"; };
		2B5861F52B7B8331001864F3 /* TimerViewController.swift */ = {isa = PBXFileReference; lastKnownFileType = sourcecode.swift; path = TimerViewController.swift; sourceTree = "<group>"; };
		2B5861F72B7B8360001864F3 /* CircularProgressView.swift */ = {isa = PBXFileReference; lastKnownFileType = sourcecode.swift; path = CircularProgressView.swift; sourceTree = "<group>"; };
		2B5861F92B7B8379001864F3 /* TimerLabelTableViewCell.swift */ = {isa = PBXFileReference; lastKnownFileType = sourcecode.swift; path = TimerLabelTableViewCell.swift; sourceTree = "<group>"; };
		2B5861FB2B7B839B001864F3 /* TimerRingtoneSelectTableViewCell.swift */ = {isa = PBXFileReference; lastKnownFileType = sourcecode.swift; path = TimerRingtoneSelectTableViewCell.swift; sourceTree = "<group>"; };
		2B5861FD2B7B83B5001864F3 /* TimerRingtoneSelectViewController.swift */ = {isa = PBXFileReference; lastKnownFileType = sourcecode.swift; path = TimerRingtoneSelectViewController.swift; sourceTree = "<group>"; };
		2B5861FF2B7B83D4001864F3 /* TimerViewModel.swift */ = {isa = PBXFileReference; lastKnownFileType = sourcecode.swift; name = TimerViewModel.swift; path = AlarmButler/Timer/ViewModels/TimerViewModel.swift; sourceTree = SOURCE_ROOT; };
		2B5862032B7B8408001864F3 /* playSound.swift */ = {isa = PBXFileReference; lastKnownFileType = sourcecode.swift; path = playSound.swift; sourceTree = "<group>"; };
		2B5862052B7B852A001864F3 /* TimerRecordManager.swift */ = {isa = PBXFileReference; lastKnownFileType = sourcecode.swift; path = TimerRecordManager.swift; sourceTree = "<group>"; };
		2B5862342B7C8B69001864F3 /* beeping.wav */ = {isa = PBXFileReference; lastKnownFileType = audio.wav; path = beeping.wav; sourceTree = "<group>"; };
		2B5862352B7C8B69001864F3 /* toaster.wav */ = {isa = PBXFileReference; lastKnownFileType = audio.wav; path = toaster.wav; sourceTree = "<group>"; };
		2B5862362B7C8B69001864F3 /* electronic.wav */ = {isa = PBXFileReference; lastKnownFileType = audio.wav; path = electronic.wav; sourceTree = "<group>"; };
		2B5862372B7C8B69001864F3 /* kitchen.wav */ = {isa = PBXFileReference; lastKnownFileType = audio.wav; path = kitchen.wav; sourceTree = "<group>"; };
		2E2B6ECF2B7E094000DCE934 /* AlarmButler.xcdatamodel */ = {isa = PBXFileReference; lastKnownFileType = wrapper.xcdatamodel; path = AlarmButler.xcdatamodel; sourceTree = "<group>"; };
		2E43CA652B70925F00FCA414 /* AlarmButler.app */ = {isa = PBXFileReference; explicitFileType = wrapper.application; includeInIndex = 0; path = AlarmButler.app; sourceTree = BUILT_PRODUCTS_DIR; };
		2E43CA682B70925F00FCA414 /* AppDelegate.swift */ = {isa = PBXFileReference; lastKnownFileType = sourcecode.swift; path = AppDelegate.swift; sourceTree = "<group>"; };
		2E43CA6A2B70925F00FCA414 /* SceneDelegate.swift */ = {isa = PBXFileReference; lastKnownFileType = sourcecode.swift; path = SceneDelegate.swift; sourceTree = "<group>"; };
		2E43CA742B70926100FCA414 /* Assets.xcassets */ = {isa = PBXFileReference; lastKnownFileType = folder.assetcatalog; path = Assets.xcassets; sourceTree = "<group>"; };
		2E43CA772B70926100FCA414 /* Base */ = {isa = PBXFileReference; lastKnownFileType = file.storyboard; name = Base; path = Base.lproj/LaunchScreen.storyboard; sourceTree = "<group>"; };
		2E43CA792B70926100FCA414 /* Info.plist */ = {isa = PBXFileReference; lastKnownFileType = text.plist.xml; path = Info.plist; sourceTree = "<group>"; };
		2E43CAB92B7098EE00FCA414 /* AlarmListViewController.swift */ = {isa = PBXFileReference; lastKnownFileType = sourcecode.swift; path = AlarmListViewController.swift; sourceTree = "<group>"; };
		2E43CABB2B7098FD00FCA414 /* AlarmListViewModel.swift */ = {isa = PBXFileReference; lastKnownFileType = sourcecode.swift; path = AlarmListViewModel.swift; sourceTree = "<group>"; };
		2E43CACF2B70999C00FCA414 /* SleepWakeAlarm.swift */ = {isa = PBXFileReference; lastKnownFileType = sourcecode.swift; path = SleepWakeAlarm.swift; sourceTree = "<group>"; };
		2E43CAD32B7099B800FCA414 /* SleepWakeAlarmViewModel.swift */ = {isa = PBXFileReference; lastKnownFileType = sourcecode.swift; path = SleepWakeAlarmViewModel.swift; sourceTree = "<group>"; };
		2E43CAE02B7257E000FCA414 /* CustomTabBarController.swift */ = {isa = PBXFileReference; lastKnownFileType = sourcecode.swift; path = CustomTabBarController.swift; sourceTree = "<group>"; };
		2E43CAE42B7341DC00FCA414 /* AlarmDetailViewController.swift */ = {isa = PBXFileReference; lastKnownFileType = sourcecode.swift; path = AlarmDetailViewController.swift; sourceTree = "<group>"; };
		2E43CAE62B7341E600FCA414 /* AlarmSoundPickerViewController.swift */ = {isa = PBXFileReference; lastKnownFileType = sourcecode.swift; path = AlarmSoundPickerViewController.swift; sourceTree = "<group>"; };
		2E43CAE82B7341F500FCA414 /* AlarmDetailViewModel.swift */ = {isa = PBXFileReference; lastKnownFileType = sourcecode.swift; path = AlarmDetailViewModel.swift; sourceTree = "<group>"; };
		2E43CAEA2B73420000FCA414 /* AlarmSoundPickerViewModel.swift */ = {isa = PBXFileReference; lastKnownFileType = sourcecode.swift; path = AlarmSoundPickerViewModel.swift; sourceTree = "<group>"; };
		2E43CAFC2B752B8100FCA414 /* RepeatOptionsViewController.swift */ = {isa = PBXFileReference; lastKnownFileType = sourcecode.swift; path = RepeatOptionsViewController.swift; sourceTree = "<group>"; };
		2EA693BE2B789DCB00BBA548 /* 로미오와 줄리엣.mp3 */ = {isa = PBXFileReference; lastKnownFileType = audio.mp3; path = "로미오와 줄리엣.mp3"; sourceTree = "<group>"; };
		2EA693BF2B789DCB00BBA548 /* 슈베르트 세레나데.mp3 */ = {isa = PBXFileReference; lastKnownFileType = audio.mp3; path = "슈베르트 세레나데.mp3"; sourceTree = "<group>"; };
		2EA693C02B789DCC00BBA548 /* 차이코프스키 12월 크리스마스.mp3 */ = {isa = PBXFileReference; lastKnownFileType = audio.mp3; path = "차이코프스키 12월 크리스마스.mp3"; sourceTree = "<group>"; };
		2EA693C12B789DCC00BBA548 /* 비발디 사계 여름.mp3 */ = {isa = PBXFileReference; lastKnownFileType = audio.mp3; path = "비발디 사계 여름.mp3"; sourceTree = "<group>"; };
		2EA693C22B789DCD00BBA548 /* 차이코프스키 10월 가을.mp3 */ = {isa = PBXFileReference; lastKnownFileType = audio.mp3; path = "차이코프스키 10월 가을.mp3"; sourceTree = "<group>"; };
		2EA693C32B789DCE00BBA548 /* 마림바.wav */ = {isa = PBXFileReference; lastKnownFileType = audio.wav; path = "마림바.wav"; sourceTree = "<group>"; };
		2EA693C42B789DCE00BBA548 /* 머큐리.wav */ = {isa = PBXFileReference; lastKnownFileType = audio.wav; path = "머큐리.wav"; sourceTree = "<group>"; };
		2EA693C52B789DCF00BBA548 /* 타란텔라 A단조.mp3 */ = {isa = PBXFileReference; lastKnownFileType = audio.mp3; path = "타란텔라 A단조.mp3"; sourceTree = "<group>"; };
		2EA693C62B789DCF00BBA548 /* 거울.mp3 */ = {isa = PBXFileReference; lastKnownFileType = audio.mp3; path = "거울.mp3"; sourceTree = "<group>"; };
		2EA693C72B789DD000BBA548 /* 골짜기.wav */ = {isa = PBXFileReference; lastKnownFileType = audio.wav; path = "골짜기.wav"; sourceTree = "<group>"; };
		2EA693C82B789DD100BBA548 /* 래디얼.wav */ = {isa = PBXFileReference; lastKnownFileType = audio.wav; path = "래디얼.wav"; sourceTree = "<group>"; };
		2EA693C92B789DD100BBA548 /* 프로모.mp3 */ = {isa = PBXFileReference; lastKnownFileType = audio.mp3; path = "프로모.mp3"; sourceTree = "<group>"; };
		2EA693D92B79951F00BBA548 /* TimerRecord.swift */ = {isa = PBXFileReference; fileEncoding = 4; lastKnownFileType = sourcecode.swift; path = TimerRecord.swift; sourceTree = "<group>"; };
		2EA693E12B79FB0400BBA548 /* AlarmListTableViewCell.swift */ = {isa = PBXFileReference; lastKnownFileType = sourcecode.swift; path = AlarmListTableViewCell.swift; sourceTree = "<group>"; };
		2EBDEAF02B7B833F00AD1FEA /* AlarmViewModel.swift */ = {isa = PBXFileReference; lastKnownFileType = sourcecode.swift; path = AlarmViewModel.swift; sourceTree = "<group>"; };
		2EBDEAFF2B7CE7BF00AD1FEA /* AlarmManager.swift */ = {isa = PBXFileReference; lastKnownFileType = sourcecode.swift; path = AlarmManager.swift; sourceTree = "<group>"; };
		4E60D1B12B7BAA8100D0E11E /* ClockView.swift */ = {isa = PBXFileReference; lastKnownFileType = sourcecode.swift; path = ClockView.swift; sourceTree = "<group>"; };
		4E60D1B32B7D346E00D0E11E /* SleepWakeAlarmMainViewController.swift */ = {isa = PBXFileReference; lastKnownFileType = sourcecode.swift; path = SleepWakeAlarmMainViewController.swift; sourceTree = "<group>"; };
		4EA830582B752D3E00C19BF7 /* SleepWakeAlarmCell.swift */ = {isa = PBXFileReference; lastKnownFileType = sourcecode.swift; path = SleepWakeAlarmCell.swift; sourceTree = "<group>"; };
		4EB8E4022B766D460089DB8F /* SleepWakeAlarmCellViewModel.swift */ = {isa = PBXFileReference; lastKnownFileType = sourcecode.swift; path = SleepWakeAlarmCellViewModel.swift; sourceTree = "<group>"; };
		4EB8E4042B7693440089DB8F /* SleepWakeAlarmSetViewController.swift */ = {isa = PBXFileReference; lastKnownFileType = sourcecode.swift; path = SleepWakeAlarmSetViewController.swift; sourceTree = "<group>"; };
		6B7B04402B74FF4E00DEAA58 /* WorldClockManager.swift */ = {isa = PBXFileReference; lastKnownFileType = sourcecode.swift; path = WorldClockManager.swift; sourceTree = "<group>"; };
		6B7B04462B78BB1600DEAA58 /* InitialConsonant.swift */ = {isa = PBXFileReference; lastKnownFileType = sourcecode.swift; path = InitialConsonant.swift; sourceTree = "<group>"; };
		6B7B04482B7A011800DEAA58 /* TimeZoneVC.swift */ = {isa = PBXFileReference; lastKnownFileType = sourcecode.swift; path = TimeZoneVC.swift; sourceTree = "<group>"; };
		6B7B044F2B7A034E00DEAA58 /* TimeZoneTVCell.swift */ = {isa = PBXFileReference; lastKnownFileType = sourcecode.swift; path = TimeZoneTVCell.swift; sourceTree = "<group>"; };
		6B7B04512B7A038C00DEAA58 /* WorldClockVC.swift */ = {isa = PBXFileReference; lastKnownFileType = sourcecode.swift; path = WorldClockVC.swift; sourceTree = "<group>"; };
		6B7B04532B7A03BE00DEAA58 /* WorldClockTVCell.swift */ = {isa = PBXFileReference; lastKnownFileType = sourcecode.swift; path = WorldClockTVCell.swift; sourceTree = "<group>"; };
		6BD66C9F2B7CB1EC003B7A96 /* CustomTableViewCell.swift */ = {isa = PBXFileReference; lastKnownFileType = sourcecode.swift; path = CustomTableViewCell.swift; sourceTree = "<group>"; };
		7AEFC77EA2F9C726F43F84E7 /* Pods-AlarmButler.release.xcconfig */ = {isa = PBXFileReference; includeInIndex = 1; lastKnownFileType = text.xcconfig; name = "Pods-AlarmButler.release.xcconfig"; path = "Target Support Files/Pods-AlarmButler/Pods-AlarmButler.release.xcconfig"; sourceTree = "<group>"; };
		AD1BD13C16ABBD4E5267BF49 /* Pods_AlarmButler.framework */ = {isa = PBXFileReference; explicitFileType = wrapper.framework; includeInIndex = 0; path = Pods_AlarmButler.framework; sourceTree = BUILT_PRODUCTS_DIR; };
		EAA5F46919E172A966BE5865 /* Pods-AlarmButler.debug.xcconfig */ = {isa = PBXFileReference; includeInIndex = 1; lastKnownFileType = text.xcconfig; name = "Pods-AlarmButler.debug.xcconfig"; path = "Target Support Files/Pods-AlarmButler/Pods-AlarmButler.debug.xcconfig"; sourceTree = "<group>"; };
/* End PBXFileReference section */

/* Begin PBXFrameworksBuildPhase section */
		2E43CA622B70925F00FCA414 /* Frameworks */ = {
			isa = PBXFrameworksBuildPhase;
			buildActionMask = 2147483647;
			files = (
				97C441F104D09081FBE9EEA8 /* Pods_AlarmButler.framework in Frameworks */,
			);
			runOnlyForDeploymentPostprocessing = 0;
		};
/* End PBXFrameworksBuildPhase section */

/* Begin PBXGroup section */
		2B5862072B7C8924001864F3 /* TimerSound */ = {
			isa = PBXGroup;
			children = (
				2B5862342B7C8B69001864F3 /* beeping.wav */,
				2B5862362B7C8B69001864F3 /* electronic.wav */,
				2B5862372B7C8B69001864F3 /* kitchen.wav */,
				2B5862352B7C8B69001864F3 /* toaster.wav */,
			);
			path = TimerSound;
			sourceTree = "<group>";
		};
		2E43CA5C2B70925F00FCA414 = {
			isa = PBXGroup;
			children = (
				2EA693522B78984400BBA548 /* Audio */,
				2E43CA672B70925F00FCA414 /* AlarmButler */,
				2E43CA662B70925F00FCA414 /* Products */,
				35090F2188E74A464AE395DD /* Pods */,
				5460A418355EBFC70F81E43E /* Frameworks */,
			);
			sourceTree = "<group>";
		};
		2E43CA662B70925F00FCA414 /* Products */ = {
			isa = PBXGroup;
			children = (
				2E43CA652B70925F00FCA414 /* AlarmButler.app */,
			);
			name = Products;
			sourceTree = "<group>";
		};
		2E43CA672B70925F00FCA414 /* AlarmButler */ = {
			isa = PBXGroup;
			children = (
				2EBDEAFE2B7CE79C00AD1FEA /* AlarmService */,
				2E43CAF32B74B7F000FCA414 /* AlarmSoundPicker */,
				2E43CADF2B7257B200FCA414 /* TapBar */,
				2E43CA962B70953F00FCA414 /* Alarm */,
				2E43CA8A2B70940D00FCA414 /* Stopwatch */,
				2E43CA842B7093F400FCA414 /* Timer */,
				2E43CA822B7093F000FCA414 /* WorldClock */,
				2E43CA802B7093E900FCA414 /* SleepWakeAlarm */,
				2E43CA682B70925F00FCA414 /* AppDelegate.swift */,
				2E43CA6A2B70925F00FCA414 /* SceneDelegate.swift */,
				2E43CA742B70926100FCA414 /* Assets.xcassets */,
				2E43CA762B70926100FCA414 /* LaunchScreen.storyboard */,
				2E43CA792B70926100FCA414 /* Info.plist */,
				2E2B6ECE2B7E094000DCE934 /* AlarmButler.xcdatamodeld */,
			);
			path = AlarmButler;
			sourceTree = "<group>";
		};
		2E43CA802B7093E900FCA414 /* SleepWakeAlarm */ = {
			isa = PBXGroup;
			children = (
				2E43CAB62B7096C000FCA414 /* Model */,
				2E43CAB42B7096BC00FCA414 /* Views */,
				2E43CAB22B7096B900FCA414 /* ViewModels */,
			);
			path = SleepWakeAlarm;
			sourceTree = "<group>";
		};
		2E43CA822B7093F000FCA414 /* WorldClock */ = {
			isa = PBXGroup;
			children = (
				2E43CAB02B70969D00FCA414 /* Model */,
				2E43CAAE2B70969800FCA414 /* Views */,
				2E43CAAC2B70969400FCA414 /* ViewModels */,
			);
			path = WorldClock;
			sourceTree = "<group>";
		};
		2E43CA842B7093F400FCA414 /* Timer */ = {
			isa = PBXGroup;
			children = (
				2B5862032B7B8408001864F3 /* playSound.swift */,
				2B5862052B7B852A001864F3 /* TimerRecordManager.swift */,
				2E43CAAA2B70964100FCA414 /* Model */,
				2E43CAA82B70963C00FCA414 /* Views */,
				2E43CAA62B70963800FCA414 /* ViewModels */,
			);
			path = Timer;
			sourceTree = "<group>";
		};
		2E43CA8A2B70940D00FCA414 /* Stopwatch */ = {
			isa = PBXGroup;
			children = (
				2E43CA9C2B7095B000FCA414 /* Model */,
				2E43CA9A2B7095AB00FCA414 /* Views */,
				2E43CA982B7095A700FCA414 /* ViewModels */,
			);
			path = Stopwatch;
			sourceTree = "<group>";
		};
		2E43CA962B70953F00FCA414 /* Alarm */ = {
			isa = PBXGroup;
			children = (
				2E43CAA22B70962600FCA414 /* Views */,
				2E43CA9E2B70960A00FCA414 /* ViewModels */,
			);
			path = Alarm;
			sourceTree = "<group>";
		};
		2E43CA982B7095A700FCA414 /* ViewModels */ = {
			isa = PBXGroup;
			children = (
				0BF25A392B7B3D0100B0C8CE /* StopwatchViewModel.swift */,
			);
			path = ViewModels;
			sourceTree = "<group>";
		};
		2E43CA9A2B7095AB00FCA414 /* Views */ = {
			isa = PBXGroup;
			children = (
				0BF25A332B7B3C2C00B0C8CE /* StopwatchTableViewCell.swift */,
				0BF25A352B7B3C4A00B0C8CE /* StopwatchViewController.swift */,
			);
			path = Views;
			sourceTree = "<group>";
		};
		2E43CA9C2B7095B000FCA414 /* Model */ = {
			isa = PBXGroup;
			children = (
				0BF25A372B7B3CBF00B0C8CE /* Stopwatch.swift */,
			);
			path = Model;
			sourceTree = "<group>";
		};
		2E43CA9E2B70960A00FCA414 /* ViewModels */ = {
			isa = PBXGroup;
			children = (
				2E43CABB2B7098FD00FCA414 /* AlarmListViewModel.swift */,
				2E43CAE82B7341F500FCA414 /* AlarmDetailViewModel.swift */,
				2EBDEAF02B7B833F00AD1FEA /* AlarmViewModel.swift */,
			);
			path = ViewModels;
			sourceTree = "<group>";
		};
		2E43CAA22B70962600FCA414 /* Views */ = {
			isa = PBXGroup;
			children = (
				2E43CAB92B7098EE00FCA414 /* AlarmListViewController.swift */,
				2E43CAE42B7341DC00FCA414 /* AlarmDetailViewController.swift */,
				2E43CAFC2B752B8100FCA414 /* RepeatOptionsViewController.swift */,
				2EA693E12B79FB0400BBA548 /* AlarmListTableViewCell.swift */,
			);
			path = Views;
			sourceTree = "<group>";
		};
		2E43CAA62B70963800FCA414 /* ViewModels */ = {
			isa = PBXGroup;
			children = (
				2B5861FF2B7B83D4001864F3 /* TimerViewModel.swift */,
			);
			path = ViewModels;
			sourceTree = "<group>";
		};
		2E43CAA82B70963C00FCA414 /* Views */ = {
			isa = PBXGroup;
			children = (
				2B5861F52B7B8331001864F3 /* TimerViewController.swift */,
				2B5861F72B7B8360001864F3 /* CircularProgressView.swift */,
				2B5861F92B7B8379001864F3 /* TimerLabelTableViewCell.swift */,
				2B5861FB2B7B839B001864F3 /* TimerRingtoneSelectTableViewCell.swift */,
				2B5861FD2B7B83B5001864F3 /* TimerRingtoneSelectViewController.swift */,
			);
			path = Views;
			sourceTree = "<group>";
		};
		2E43CAAA2B70964100FCA414 /* Model */ = {
			isa = PBXGroup;
			children = (
				2EA693D92B79951F00BBA548 /* TimerRecord.swift */,
			);
			path = Model;
			sourceTree = "<group>";
		};
		2E43CAAC2B70969400FCA414 /* ViewModels */ = {
			isa = PBXGroup;
			children = (
				6B7B04462B78BB1600DEAA58 /* InitialConsonant.swift */,
			);
			path = ViewModels;
			sourceTree = "<group>";
		};
		2E43CAAE2B70969800FCA414 /* Views */ = {
			isa = PBXGroup;
			children = (
				6B7B04512B7A038C00DEAA58 /* WorldClockVC.swift */,
				6B7B04532B7A03BE00DEAA58 /* WorldClockTVCell.swift */,
				6BD66C9F2B7CB1EC003B7A96 /* CustomTableViewCell.swift */,
				6B7B04482B7A011800DEAA58 /* TimeZoneVC.swift */,
				6B7B044F2B7A034E00DEAA58 /* TimeZoneTVCell.swift */,
			);
			path = Views;
			sourceTree = "<group>";
		};
		2E43CAB02B70969D00FCA414 /* Model */ = {
			isa = PBXGroup;
			children = (
				6B7B04402B74FF4E00DEAA58 /* WorldClockManager.swift */,
			);
			path = Model;
			sourceTree = "<group>";
		};
		2E43CAB22B7096B900FCA414 /* ViewModels */ = {
			isa = PBXGroup;
			children = (
				2E43CAD32B7099B800FCA414 /* SleepWakeAlarmViewModel.swift */,
				4EB8E4022B766D460089DB8F /* SleepWakeAlarmCellViewModel.swift */,
			);
			path = ViewModels;
			sourceTree = "<group>";
		};
		2E43CAB42B7096BC00FCA414 /* Views */ = {
			isa = PBXGroup;
			children = (
				4EA830582B752D3E00C19BF7 /* SleepWakeAlarmCell.swift */,
				4EB8E4042B7693440089DB8F /* SleepWakeAlarmSetViewController.swift */,
				4E60D1B32B7D346E00D0E11E /* SleepWakeAlarmMainViewController.swift */,
				4E60D1B12B7BAA8100D0E11E /* ClockView.swift */,
			);
			path = Views;
			sourceTree = "<group>";
		};
		2E43CAB62B7096C000FCA414 /* Model */ = {
			isa = PBXGroup;
			children = (
				2E43CACF2B70999C00FCA414 /* SleepWakeAlarm.swift */,
			);
			path = Model;
			sourceTree = "<group>";
		};
		2E43CADF2B7257B200FCA414 /* TapBar */ = {
			isa = PBXGroup;
			children = (
				2E43CAE02B7257E000FCA414 /* CustomTabBarController.swift */,
			);
			path = TapBar;
			sourceTree = "<group>";
		};
		2E43CAF32B74B7F000FCA414 /* AlarmSoundPicker */ = {
			isa = PBXGroup;
			children = (
				2E43CAFB2B74B81E00FCA414 /* Views */,
				2E43CAF92B74B81800FCA414 /* ViewModels */,
			);
			path = AlarmSoundPicker;
			sourceTree = "<group>";
		};
		2E43CAF92B74B81800FCA414 /* ViewModels */ = {
			isa = PBXGroup;
			children = (
				2E43CAEA2B73420000FCA414 /* AlarmSoundPickerViewModel.swift */,
			);
			path = ViewModels;
			sourceTree = "<group>";
		};
		2E43CAFB2B74B81E00FCA414 /* Views */ = {
			isa = PBXGroup;
			children = (
				2E43CAE62B7341E600FCA414 /* AlarmSoundPickerViewController.swift */,
			);
			path = Views;
			sourceTree = "<group>";
		};
		2EA693522B78984400BBA548 /* Audio */ = {
			isa = PBXGroup;
			children = (
				2B5862072B7C8924001864F3 /* TimerSound */,
				2EA693BD2B789D2700BBA548 /* AlarmSound */,
			);
			path = Audio;
			sourceTree = "<group>";
		};
		2EA693BD2B789D2700BBA548 /* AlarmSound */ = {
			isa = PBXGroup;
			children = (
				2EA693C32B789DCE00BBA548 /* 마림바.wav */,
				2EA693C62B789DCF00BBA548 /* 거울.mp3 */,
				2EA693C72B789DD000BBA548 /* 골짜기.wav */,
				2EA693C82B789DD100BBA548 /* 래디얼.wav */,
				2EA693BE2B789DCB00BBA548 /* 로미오와 줄리엣.mp3 */,
				2EA693C42B789DCE00BBA548 /* 머큐리.wav */,
				2EA693C12B789DCC00BBA548 /* 비발디 사계 여름.mp3 */,
				2EA693BF2B789DCB00BBA548 /* 슈베르트 세레나데.mp3 */,
				2EA693C22B789DCD00BBA548 /* 차이코프스키 10월 가을.mp3 */,
				2EA693C02B789DCC00BBA548 /* 차이코프스키 12월 크리스마스.mp3 */,
				2EA693C52B789DCF00BBA548 /* 타란텔라 A단조.mp3 */,
				2EA693C92B789DD100BBA548 /* 프로모.mp3 */,
			);
			path = AlarmSound;
			sourceTree = "<group>";
		};
		2EBDEAFE2B7CE79C00AD1FEA /* AlarmService */ = {
			isa = PBXGroup;
			children = (
				2EBDEAFF2B7CE7BF00AD1FEA /* AlarmManager.swift */,
			);
			path = AlarmService;
			sourceTree = "<group>";
		};
		35090F2188E74A464AE395DD /* Pods */ = {
			isa = PBXGroup;
			children = (
				EAA5F46919E172A966BE5865 /* Pods-AlarmButler.debug.xcconfig */,
				7AEFC77EA2F9C726F43F84E7 /* Pods-AlarmButler.release.xcconfig */,
			);
			path = Pods;
			sourceTree = "<group>";
		};
		5460A418355EBFC70F81E43E /* Frameworks */ = {
			isa = PBXGroup;
			children = (
				AD1BD13C16ABBD4E5267BF49 /* Pods_AlarmButler.framework */,
			);
			name = Frameworks;
			sourceTree = "<group>";
		};
/* End PBXGroup section */

/* Begin PBXNativeTarget section */
		2E43CA642B70925F00FCA414 /* AlarmButler */ = {
			isa = PBXNativeTarget;
			buildConfigurationList = 2E43CA7C2B70926100FCA414 /* Build configuration list for PBXNativeTarget "AlarmButler" */;
			buildPhases = (
				DB2BD2869A3DDAA21DFE0668 /* [CP] Check Pods Manifest.lock */,
				2E43CA612B70925F00FCA414 /* Sources */,
				2E43CA622B70925F00FCA414 /* Frameworks */,
				2E43CA632B70925F00FCA414 /* Resources */,
				6FD42A676B7B9B25D1D31A5D /* [CP] Embed Pods Frameworks */,
			);
			buildRules = (
			);
			dependencies = (
			);
			name = AlarmButler;
			packageProductDependencies = (
			);
			productName = AlarmButler;
			productReference = 2E43CA652B70925F00FCA414 /* AlarmButler.app */;
			productType = "com.apple.product-type.application";
		};
/* End PBXNativeTarget section */

/* Begin PBXProject section */
		2E43CA5D2B70925F00FCA414 /* Project object */ = {
			isa = PBXProject;
			attributes = {
				BuildIndependentTargetsInParallel = 1;
				LastSwiftUpdateCheck = 1510;
				LastUpgradeCheck = 1510;
				TargetAttributes = {
					2E43CA642B70925F00FCA414 = {
						CreatedOnToolsVersion = 15.1;
					};
				};
			};
			buildConfigurationList = 2E43CA602B70925F00FCA414 /* Build configuration list for PBXProject "AlarmButler" */;
			compatibilityVersion = "Xcode 14.0";
			developmentRegion = en;
			hasScannedForEncodings = 0;
			knownRegions = (
				en,
				Base,
			);
			mainGroup = 2E43CA5C2B70925F00FCA414;
			packageReferences = (
			);
			productRefGroup = 2E43CA662B70925F00FCA414 /* Products */;
			projectDirPath = "";
			projectRoot = "";
			targets = (
				2E43CA642B70925F00FCA414 /* AlarmButler */,
			);
		};
/* End PBXProject section */

/* Begin PBXResourcesBuildPhase section */
		2E43CA632B70925F00FCA414 /* Resources */ = {
			isa = PBXResourcesBuildPhase;
			buildActionMask = 2147483647;
			files = (
				2EA693CB2B789DD100BBA548 /* 슈베르트 세레나데.mp3 in Resources */,
				2E43CA782B70926100FCA414 /* LaunchScreen.storyboard in Resources */,
				2EA693D32B789DD100BBA548 /* 골짜기.wav in Resources */,
				2EA693D52B789DD100BBA548 /* 프로모.mp3 in Resources */,
				2EA693CC2B789DD100BBA548 /* 차이코프스키 12월 크리스마스.mp3 in Resources */,
				2B5862382B7C8B69001864F3 /* beeping.wav in Resources */,
				2EA693D22B789DD100BBA548 /* 거울.mp3 in Resources */,
				2EA693D02B789DD100BBA548 /* 머큐리.wav in Resources */,
				2EA693CE2B789DD100BBA548 /* 차이코프스키 10월 가을.mp3 in Resources */,
				2B5862392B7C8B69001864F3 /* toaster.wav in Resources */,
				2EA693D12B789DD100BBA548 /* 타란텔라 A단조.mp3 in Resources */,
				2EA693D42B789DD100BBA548 /* 래디얼.wav in Resources */,
				2B58623A2B7C8B69001864F3 /* electronic.wav in Resources */,
				2B58623B2B7C8B69001864F3 /* kitchen.wav in Resources */,
				2EA693CA2B789DD100BBA548 /* 로미오와 줄리엣.mp3 in Resources */,
				2EA693CD2B789DD100BBA548 /* 비발디 사계 여름.mp3 in Resources */,
				2E43CA752B70926100FCA414 /* Assets.xcassets in Resources */,
				2EA693CF2B789DD100BBA548 /* 마림바.wav in Resources */,
			);
			runOnlyForDeploymentPostprocessing = 0;
		};
/* End PBXResourcesBuildPhase section */

/* Begin PBXShellScriptBuildPhase section */
		6FD42A676B7B9B25D1D31A5D /* [CP] Embed Pods Frameworks */ = {
			isa = PBXShellScriptBuildPhase;
			buildActionMask = 2147483647;
			files = (
			);
			inputFileListPaths = (
				"${PODS_ROOT}/Target Support Files/Pods-AlarmButler/Pods-AlarmButler-frameworks-${CONFIGURATION}-input-files.xcfilelist",
			);
			name = "[CP] Embed Pods Frameworks";
			outputFileListPaths = (
				"${PODS_ROOT}/Target Support Files/Pods-AlarmButler/Pods-AlarmButler-frameworks-${CONFIGURATION}-output-files.xcfilelist",
			);
			runOnlyForDeploymentPostprocessing = 0;
			shellPath = /bin/sh;
			shellScript = "\"${PODS_ROOT}/Target Support Files/Pods-AlarmButler/Pods-AlarmButler-frameworks.sh\"\n";
			showEnvVarsInLog = 0;
		};
		DB2BD2869A3DDAA21DFE0668 /* [CP] Check Pods Manifest.lock */ = {
			isa = PBXShellScriptBuildPhase;
			buildActionMask = 2147483647;
			files = (
			);
			inputFileListPaths = (
			);
			inputPaths = (
				"${PODS_PODFILE_DIR_PATH}/Podfile.lock",
				"${PODS_ROOT}/Manifest.lock",
			);
			name = "[CP] Check Pods Manifest.lock";
			outputFileListPaths = (
			);
			outputPaths = (
				"$(DERIVED_FILE_DIR)/Pods-AlarmButler-checkManifestLockResult.txt",
			);
			runOnlyForDeploymentPostprocessing = 0;
			shellPath = /bin/sh;
			shellScript = "diff \"${PODS_PODFILE_DIR_PATH}/Podfile.lock\" \"${PODS_ROOT}/Manifest.lock\" > /dev/null\nif [ $? != 0 ] ; then\n    # print error to STDERR\n    echo \"error: The sandbox is not in sync with the Podfile.lock. Run 'pod install' or update your CocoaPods installation.\" >&2\n    exit 1\nfi\n# This output is used by Xcode 'outputs' to avoid re-running this script phase.\necho \"SUCCESS\" > \"${SCRIPT_OUTPUT_FILE_0}\"\n";
			showEnvVarsInLog = 0;
		};
/* End PBXShellScriptBuildPhase section */

/* Begin PBXSourcesBuildPhase section */
		2E43CA612B70925F00FCA414 /* Sources */ = {
			isa = PBXSourcesBuildPhase;
			buildActionMask = 2147483647;
			files = (
				6B7B04412B74FF4E00DEAA58 /* WorldClockManager.swift in Sources */,
				0BF25A362B7B3C4A00B0C8CE /* StopwatchViewController.swift in Sources */,
				6B7B04492B7A011800DEAA58 /* TimeZoneVC.swift in Sources */,
				2B5861F82B7B8360001864F3 /* CircularProgressView.swift in Sources */,
				6B7B04502B7A034E00DEAA58 /* TimeZoneTVCell.swift in Sources */,
				2E43CAE12B7257E000FCA414 /* CustomTabBarController.swift in Sources */,
				4E60D1B42B7D346E00D0E11E /* SleepWakeAlarmMainViewController.swift in Sources */,
				2B5862062B7B852A001864F3 /* TimerRecordManager.swift in Sources */,
				0BF25A342B7B3C2C00B0C8CE /* StopwatchTableViewCell.swift in Sources */,
				2E43CA692B70925F00FCA414 /* AppDelegate.swift in Sources */,
				4EA830592B752D3E00C19BF7 /* SleepWakeAlarmCell.swift in Sources */,
				4E60D1B22B7BAA8100D0E11E /* ClockView.swift in Sources */,
				2E43CAE92B7341F500FCA414 /* AlarmDetailViewModel.swift in Sources */,
				0BF25A3A2B7B3D0100B0C8CE /* StopwatchViewModel.swift in Sources */,
				2E43CABA2B7098EE00FCA414 /* AlarmListViewController.swift in Sources */,
				2B5861FC2B7B839B001864F3 /* TimerRingtoneSelectTableViewCell.swift in Sources */,
				2B5861F62B7B8331001864F3 /* TimerViewController.swift in Sources */,
				2E2B6ED02B7E094000DCE934 /* AlarmButler.xcdatamodeld in Sources */,
				2E43CAEB2B73420000FCA414 /* AlarmSoundPickerViewModel.swift in Sources */,
				2B5862002B7B83D4001864F3 /* TimerViewModel.swift in Sources */,
				2EA693E22B79FB0400BBA548 /* AlarmListTableViewCell.swift in Sources */,
				2EBDEB002B7CE7BF00AD1FEA /* AlarmManager.swift in Sources */,
				2B5861FA2B7B8379001864F3 /* TimerLabelTableViewCell.swift in Sources */,
				2EBDEAF12B7B833F00AD1FEA /* AlarmViewModel.swift in Sources */,
				0BF25A382B7B3CBF00B0C8CE /* Stopwatch.swift in Sources */,
				6B7B04472B78BB1600DEAA58 /* InitialConsonant.swift in Sources */,
				2E43CAD42B7099B800FCA414 /* SleepWakeAlarmViewModel.swift in Sources */,
				6B7B04542B7A03BE00DEAA58 /* WorldClockTVCell.swift in Sources */,
				2B5861FE2B7B83B5001864F3 /* TimerRingtoneSelectViewController.swift in Sources */,
				2E43CABC2B7098FD00FCA414 /* AlarmListViewModel.swift in Sources */,
				2EA693DA2B79951F00BBA548 /* TimerRecord.swift in Sources */,
				2E43CAFD2B752B8100FCA414 /* RepeatOptionsViewController.swift in Sources */,
				2E43CAE52B7341DC00FCA414 /* AlarmDetailViewController.swift in Sources */,
				2E43CA6B2B70925F00FCA414 /* SceneDelegate.swift in Sources */,
				4EB8E4032B766D460089DB8F /* SleepWakeAlarmCellViewModel.swift in Sources */,
				2E43CAD02B70999C00FCA414 /* SleepWakeAlarm.swift in Sources */,
				4EB8E4052B7693440089DB8F /* SleepWakeAlarmSetViewController.swift in Sources */,
				2E43CAD02B70999C00FCA414 /* SleepWakeAlarm.swift in Sources */,
				6B7B04522B7A038C00DEAA58 /* WorldClockVC.swift in Sources */,
				2E43CAE72B7341E600FCA414 /* AlarmSoundPickerViewController.swift in Sources */,
				6BD66CA02B7CB1EC003B7A96 /* CustomTableViewCell.swift in Sources */,
				2B5862042B7B8408001864F3 /* playSound.swift in Sources */,
			);
			runOnlyForDeploymentPostprocessing = 0;
		};
/* End PBXSourcesBuildPhase section */

/* Begin PBXVariantGroup section */
		2E43CA762B70926100FCA414 /* LaunchScreen.storyboard */ = {
			isa = PBXVariantGroup;
			children = (
				2E43CA772B70926100FCA414 /* Base */,
			);
			name = LaunchScreen.storyboard;
			sourceTree = "<group>";
		};
/* End PBXVariantGroup section */

/* Begin XCBuildConfiguration section */
		2E43CA7A2B70926100FCA414 /* Debug */ = {
			isa = XCBuildConfiguration;
			buildSettings = {
				ALWAYS_SEARCH_USER_PATHS = NO;
				ASSETCATALOG_COMPILER_GENERATE_SWIFT_ASSET_SYMBOL_EXTENSIONS = YES;
				CLANG_ANALYZER_NONNULL = YES;
				CLANG_ANALYZER_NUMBER_OBJECT_CONVERSION = YES_AGGRESSIVE;
				CLANG_CXX_LANGUAGE_STANDARD = "gnu++20";
				CLANG_ENABLE_MODULES = YES;
				CLANG_ENABLE_OBJC_ARC = YES;
				CLANG_ENABLE_OBJC_WEAK = YES;
				CLANG_WARN_BLOCK_CAPTURE_AUTORELEASING = YES;
				CLANG_WARN_BOOL_CONVERSION = YES;
				CLANG_WARN_COMMA = YES;
				CLANG_WARN_CONSTANT_CONVERSION = YES;
				CLANG_WARN_DEPRECATED_OBJC_IMPLEMENTATIONS = YES;
				CLANG_WARN_DIRECT_OBJC_ISA_USAGE = YES_ERROR;
				CLANG_WARN_DOCUMENTATION_COMMENTS = YES;
				CLANG_WARN_EMPTY_BODY = YES;
				CLANG_WARN_ENUM_CONVERSION = YES;
				CLANG_WARN_INFINITE_RECURSION = YES;
				CLANG_WARN_INT_CONVERSION = YES;
				CLANG_WARN_NON_LITERAL_NULL_CONVERSION = YES;
				CLANG_WARN_OBJC_IMPLICIT_RETAIN_SELF = YES;
				CLANG_WARN_OBJC_LITERAL_CONVERSION = YES;
				CLANG_WARN_OBJC_ROOT_CLASS = YES_ERROR;
				CLANG_WARN_QUOTED_INCLUDE_IN_FRAMEWORK_HEADER = YES;
				CLANG_WARN_RANGE_LOOP_ANALYSIS = YES;
				CLANG_WARN_STRICT_PROTOTYPES = YES;
				CLANG_WARN_SUSPICIOUS_MOVE = YES;
				CLANG_WARN_UNGUARDED_AVAILABILITY = YES_AGGRESSIVE;
				CLANG_WARN_UNREACHABLE_CODE = YES;
				CLANG_WARN__DUPLICATE_METHOD_MATCH = YES;
				COPY_PHASE_STRIP = NO;
				DEBUG_INFORMATION_FORMAT = dwarf;
				ENABLE_STRICT_OBJC_MSGSEND = YES;
				ENABLE_TESTABILITY = YES;
				ENABLE_USER_SCRIPT_SANDBOXING = NO;
				GCC_C_LANGUAGE_STANDARD = gnu17;
				GCC_DYNAMIC_NO_PIC = NO;
				GCC_NO_COMMON_BLOCKS = YES;
				GCC_OPTIMIZATION_LEVEL = 0;
				GCC_PREPROCESSOR_DEFINITIONS = (
					"DEBUG=1",
					"$(inherited)",
				);
				GCC_WARN_64_TO_32_BIT_CONVERSION = YES;
				GCC_WARN_ABOUT_RETURN_TYPE = YES_ERROR;
				GCC_WARN_UNDECLARED_SELECTOR = YES;
				GCC_WARN_UNINITIALIZED_AUTOS = YES_AGGRESSIVE;
				GCC_WARN_UNUSED_FUNCTION = YES;
				GCC_WARN_UNUSED_VARIABLE = YES;
				IPHONEOS_DEPLOYMENT_TARGET = 16.0;
				LOCALIZATION_PREFERS_STRING_CATALOGS = YES;
				MTL_ENABLE_DEBUG_INFO = INCLUDE_SOURCE;
				MTL_FAST_MATH = YES;
				ONLY_ACTIVE_ARCH = YES;
				SDKROOT = iphoneos;
				SWIFT_ACTIVE_COMPILATION_CONDITIONS = "DEBUG $(inherited)";
				SWIFT_OPTIMIZATION_LEVEL = "-Onone";
			};
			name = Debug;
		};
		2E43CA7B2B70926100FCA414 /* Release */ = {
			isa = XCBuildConfiguration;
			buildSettings = {
				ALWAYS_SEARCH_USER_PATHS = NO;
				ASSETCATALOG_COMPILER_GENERATE_SWIFT_ASSET_SYMBOL_EXTENSIONS = YES;
				CLANG_ANALYZER_NONNULL = YES;
				CLANG_ANALYZER_NUMBER_OBJECT_CONVERSION = YES_AGGRESSIVE;
				CLANG_CXX_LANGUAGE_STANDARD = "gnu++20";
				CLANG_ENABLE_MODULES = YES;
				CLANG_ENABLE_OBJC_ARC = YES;
				CLANG_ENABLE_OBJC_WEAK = YES;
				CLANG_WARN_BLOCK_CAPTURE_AUTORELEASING = YES;
				CLANG_WARN_BOOL_CONVERSION = YES;
				CLANG_WARN_COMMA = YES;
				CLANG_WARN_CONSTANT_CONVERSION = YES;
				CLANG_WARN_DEPRECATED_OBJC_IMPLEMENTATIONS = YES;
				CLANG_WARN_DIRECT_OBJC_ISA_USAGE = YES_ERROR;
				CLANG_WARN_DOCUMENTATION_COMMENTS = YES;
				CLANG_WARN_EMPTY_BODY = YES;
				CLANG_WARN_ENUM_CONVERSION = YES;
				CLANG_WARN_INFINITE_RECURSION = YES;
				CLANG_WARN_INT_CONVERSION = YES;
				CLANG_WARN_NON_LITERAL_NULL_CONVERSION = YES;
				CLANG_WARN_OBJC_IMPLICIT_RETAIN_SELF = YES;
				CLANG_WARN_OBJC_LITERAL_CONVERSION = YES;
				CLANG_WARN_OBJC_ROOT_CLASS = YES_ERROR;
				CLANG_WARN_QUOTED_INCLUDE_IN_FRAMEWORK_HEADER = YES;
				CLANG_WARN_RANGE_LOOP_ANALYSIS = YES;
				CLANG_WARN_STRICT_PROTOTYPES = YES;
				CLANG_WARN_SUSPICIOUS_MOVE = YES;
				CLANG_WARN_UNGUARDED_AVAILABILITY = YES_AGGRESSIVE;
				CLANG_WARN_UNREACHABLE_CODE = YES;
				CLANG_WARN__DUPLICATE_METHOD_MATCH = YES;
				COPY_PHASE_STRIP = NO;
				DEBUG_INFORMATION_FORMAT = "dwarf-with-dsym";
				ENABLE_NS_ASSERTIONS = NO;
				ENABLE_STRICT_OBJC_MSGSEND = YES;
				ENABLE_USER_SCRIPT_SANDBOXING = NO;
				GCC_C_LANGUAGE_STANDARD = gnu17;
				GCC_NO_COMMON_BLOCKS = YES;
				GCC_WARN_64_TO_32_BIT_CONVERSION = YES;
				GCC_WARN_ABOUT_RETURN_TYPE = YES_ERROR;
				GCC_WARN_UNDECLARED_SELECTOR = YES;
				GCC_WARN_UNINITIALIZED_AUTOS = YES_AGGRESSIVE;
				GCC_WARN_UNUSED_FUNCTION = YES;
				GCC_WARN_UNUSED_VARIABLE = YES;
				IPHONEOS_DEPLOYMENT_TARGET = 16.0;
				LOCALIZATION_PREFERS_STRING_CATALOGS = YES;
				MTL_ENABLE_DEBUG_INFO = NO;
				MTL_FAST_MATH = YES;
				SDKROOT = iphoneos;
				SWIFT_COMPILATION_MODE = wholemodule;
				VALIDATE_PRODUCT = YES;
			};
			name = Release;
		};
		2E43CA7D2B70926100FCA414 /* Debug */ = {
			isa = XCBuildConfiguration;
			baseConfigurationReference = EAA5F46919E172A966BE5865 /* Pods-AlarmButler.debug.xcconfig */;
			buildSettings = {
				ASSETCATALOG_COMPILER_APPICON_NAME = AppIcon;
				ASSETCATALOG_COMPILER_GLOBAL_ACCENT_COLOR_NAME = AccentColor;
				CODE_SIGN_STYLE = Automatic;
				CURRENT_PROJECT_VERSION = 1;
				DEVELOPMENT_TEAM = 4CV5H3MCP6;
				GENERATE_INFOPLIST_FILE = YES;
				INFOPLIST_FILE = AlarmButler/Info.plist;
				INFOPLIST_KEY_UIApplicationSupportsIndirectInputEvents = YES;
				INFOPLIST_KEY_UILaunchStoryboardName = LaunchScreen;
				INFOPLIST_KEY_UIMainStoryboardFile = "";
				INFOPLIST_KEY_UISupportedInterfaceOrientations_iPad = "UIInterfaceOrientationPortrait UIInterfaceOrientationPortraitUpsideDown UIInterfaceOrientationLandscapeLeft UIInterfaceOrientationLandscapeRight";
				INFOPLIST_KEY_UISupportedInterfaceOrientations_iPhone = "UIInterfaceOrientationPortrait UIInterfaceOrientationLandscapeLeft UIInterfaceOrientationLandscapeRight";
				LD_RUNPATH_SEARCH_PATHS = (
					"$(inherited)",
					"@executable_path/Frameworks",
				);
				MARKETING_VERSION = 1.0;
				PRODUCT_BUNDLE_IDENTIFIER = com.mrk.AlarmButler;
				PRODUCT_NAME = "$(TARGET_NAME)";
				SWIFT_EMIT_LOC_STRINGS = YES;
				SWIFT_VERSION = 5.0;
				TARGETED_DEVICE_FAMILY = "1,2";
			};
			name = Debug;
		};
		2E43CA7E2B70926100FCA414 /* Release */ = {
			isa = XCBuildConfiguration;
			baseConfigurationReference = 7AEFC77EA2F9C726F43F84E7 /* Pods-AlarmButler.release.xcconfig */;
			buildSettings = {
				ASSETCATALOG_COMPILER_APPICON_NAME = AppIcon;
				ASSETCATALOG_COMPILER_GLOBAL_ACCENT_COLOR_NAME = AccentColor;
				CODE_SIGN_STYLE = Automatic;
				CURRENT_PROJECT_VERSION = 1;
				DEVELOPMENT_TEAM = 4CV5H3MCP6;
				GENERATE_INFOPLIST_FILE = YES;
				INFOPLIST_FILE = AlarmButler/Info.plist;
				INFOPLIST_KEY_UIApplicationSupportsIndirectInputEvents = YES;
				INFOPLIST_KEY_UILaunchStoryboardName = LaunchScreen;
				INFOPLIST_KEY_UIMainStoryboardFile = "";
				INFOPLIST_KEY_UISupportedInterfaceOrientations_iPad = "UIInterfaceOrientationPortrait UIInterfaceOrientationPortraitUpsideDown UIInterfaceOrientationLandscapeLeft UIInterfaceOrientationLandscapeRight";
				INFOPLIST_KEY_UISupportedInterfaceOrientations_iPhone = "UIInterfaceOrientationPortrait UIInterfaceOrientationLandscapeLeft UIInterfaceOrientationLandscapeRight";
				LD_RUNPATH_SEARCH_PATHS = (
					"$(inherited)",
					"@executable_path/Frameworks",
				);
				MARKETING_VERSION = 1.0;
				PRODUCT_BUNDLE_IDENTIFIER = com.mrk.AlarmButler;
				PRODUCT_NAME = "$(TARGET_NAME)";
				SWIFT_EMIT_LOC_STRINGS = YES;
				SWIFT_VERSION = 5.0;
				TARGETED_DEVICE_FAMILY = "1,2";
			};
			name = Release;
		};
/* End XCBuildConfiguration section */

/* Begin XCConfigurationList section */
		2E43CA602B70925F00FCA414 /* Build configuration list for PBXProject "AlarmButler" */ = {
			isa = XCConfigurationList;
			buildConfigurations = (
				2E43CA7A2B70926100FCA414 /* Debug */,
				2E43CA7B2B70926100FCA414 /* Release */,
			);
			defaultConfigurationIsVisible = 0;
			defaultConfigurationName = Release;
		};
		2E43CA7C2B70926100FCA414 /* Build configuration list for PBXNativeTarget "AlarmButler" */ = {
			isa = XCConfigurationList;
			buildConfigurations = (
				2E43CA7D2B70926100FCA414 /* Debug */,
				2E43CA7E2B70926100FCA414 /* Release */,
			);
			defaultConfigurationIsVisible = 0;
			defaultConfigurationName = Release;
		};
/* End XCConfigurationList section */

/* Begin XCVersionGroup section */
		2E2B6ECE2B7E094000DCE934 /* AlarmButler.xcdatamodeld */ = {
			isa = XCVersionGroup;
			children = (
				2E2B6ECF2B7E094000DCE934 /* AlarmButler.xcdatamodel */,
			);
			currentVersion = 2E2B6ECF2B7E094000DCE934 /* AlarmButler.xcdatamodel */;
			path = AlarmButler.xcdatamodeld;
			sourceTree = "<group>";
			versionGroupType = wrapper.xcdatamodel;
		};
/* End XCVersionGroup section */
	};
	rootObject = 2E43CA5D2B70925F00FCA414 /* Project object */;
}
